// !$*UTF8*$!
{
	archiveVersion = 1;
	classes = {
	};
	objectVersion = 56;
	objects = {

/* Begin PBXBuildFile section */
		C5053705297C1E82003E808C /* PurchaseBarView.swift in Sources */ = {isa = PBXBuildFile; fileRef = C5053704297C1E82003E808C /* PurchaseBarView.swift */; };
		C5167BB6299E7324006C5B23 /* AppViewModel.swift in Sources */ = {isa = PBXBuildFile; fileRef = C5167BB5299E7324006C5B23 /* AppViewModel.swift */; };
		C526A7BF297CC2F8009BE7EF /* NavigationColorModifier.swift in Sources */ = {isa = PBXBuildFile; fileRef = C526A7BE297CC2F8009BE7EF /* NavigationColorModifier.swift */; };
		C529B43D298BBC3700958B7D /* FocusedTextField.swift in Sources */ = {isa = PBXBuildFile; fileRef = C529B43C298BBC3700958B7D /* FocusedTextField.swift */; };
		C529B43F298BC48000958B7D /* TextFieldModifier.swift in Sources */ = {isa = PBXBuildFile; fileRef = C529B43E298BC48000958B7D /* TextFieldModifier.swift */; };
		C529B441298C140700958B7D /* FindEmailCompleteSheetModifier.swift in Sources */ = {isa = PBXBuildFile; fileRef = C529B440298C140700958B7D /* FindEmailCompleteSheetModifier.swift */; };
		C5324CA029794AD20034C710 /* SejongUniversityGoodsMallApp.swift in Sources */ = {isa = PBXBuildFile; fileRef = C5324C9F29794AD20034C710 /* SejongUniversityGoodsMallApp.swift */; };
		C5324CA429794AD30034C710 /* Assets.xcassets in Resources */ = {isa = PBXBuildFile; fileRef = C5324CA329794AD30034C710 /* Assets.xcassets */; };
		C5324CA729794AD30034C710 /* Preview Assets.xcassets in Resources */ = {isa = PBXBuildFile; fileRef = C5324CA629794AD30034C710 /* Preview Assets.xcassets */; };
		C53D7A282991518E00F4DB67 /* CartGoodsResponse.swift in Sources */ = {isa = PBXBuildFile; fileRef = C53D7A272991518E00F4DB67 /* CartGoodsResponse.swift */; };
		C5515ECB299BD1CF00A3B850 /* MessageBoxView.swift in Sources */ = {isa = PBXBuildFile; fileRef = C5515ECA299BD1CF00A3B850 /* MessageBoxView.swift */; };
		C5534D2F29892EF6006DBE09 /* FindEmailPasswordView.swift in Sources */ = {isa = PBXBuildFile; fileRef = C5534D2E29892EF6006DBE09 /* FindEmailPasswordView.swift */; };
		C5534D312989409D006DBE09 /* DatePickerSheetView.swift in Sources */ = {isa = PBXBuildFile; fileRef = C5534D302989409D006DBE09 /* DatePickerSheetView.swift */; };
		C592F3162998EBEC003CF15E /* AddingCartModifier.swift in Sources */ = {isa = PBXBuildFile; fileRef = C592F3152998EBEC003CF15E /* AddingCartModifier.swift */; };
		C592F318299A2857003CF15E /* CartView.swift in Sources */ = {isa = PBXBuildFile; fileRef = C592F317299A2857003CF15E /* CartView.swift */; };
		C592F31A299B3425003CF15E /* Category.swift in Sources */ = {isa = PBXBuildFile; fileRef = C592F319299B3425003CF15E /* Category.swift */; };
		C592F31C299B4D17003CF15E /* UserInformationView.swift in Sources */ = {isa = PBXBuildFile; fileRef = C592F31B299B4D17003CF15E /* UserInformationView.swift */; };
		C592F31E299B51E2003CF15E /* WishListView.swift in Sources */ = {isa = PBXBuildFile; fileRef = C592F31D299B51E2003CF15E /* WishListView.swift */; };
		C595C74B297FC55600AF6E86 /* SampleGoodsViewModel.swift in Sources */ = {isa = PBXBuildFile; fileRef = C595C74A297FC55600AF6E86 /* SampleGoodsViewModel.swift */; };
		C595C74D298113F100AF6E86 /* OptionSheetView.swift in Sources */ = {isa = PBXBuildFile; fileRef = C595C74C298113F100AF6E86 /* OptionSheetView.swift */; };
		C595C75129819A3C00AF6E86 /* SampleBasketItem:Model.swift in Sources */ = {isa = PBXBuildFile; fileRef = C595C75029819A3C00AF6E86 /* SampleBasketItem:Model.swift */; };
		C5C5402A2997BC4E00EF9AEC /* CartGoodsRequest.swift in Sources */ = {isa = PBXBuildFile; fileRef = C5C540292997BC4E00EF9AEC /* CartGoodsRequest.swift */; };
		C5C73AD02983B57700D42719 /* LoginView.swift in Sources */ = {isa = PBXBuildFile; fileRef = C5C73ACF2983B57700D42719 /* LoginView.swift */; };
		C5C73AD22983CE5100D42719 /* SignUpView.swift in Sources */ = {isa = PBXBuildFile; fileRef = C5C73AD12983CE5100D42719 /* SignUpView.swift */; };
		C5C73AEE2986542B00D42719 /* Goods.swift in Sources */ = {isa = PBXBuildFile; fileRef = C5C73AED2986542B00D42719 /* Goods.swift */; };
		C5C73AF029865E4100D42719 /* UserRequest.swift in Sources */ = {isa = PBXBuildFile; fileRef = C5C73AEF29865E4100D42719 /* UserRequest.swift */; };
		C5C73AF22986603700D42719 /* LoginRequest.swift in Sources */ = {isa = PBXBuildFile; fileRef = C5C73AF12986603700D42719 /* LoginRequest.swift */; };
		C5C73AF42986604100D42719 /* LoginResponse.swift in Sources */ = {isa = PBXBuildFile; fileRef = C5C73AF32986604100D42719 /* LoginResponse.swift */; };
		C5C73AF62986610000D42719 /* FindEmailRequest.swift in Sources */ = {isa = PBXBuildFile; fileRef = C5C73AF52986610000D42719 /* FindEmailRequest.swift */; };
		C5C73AF82986611600D42719 /* FindEmailResponse.swift in Sources */ = {isa = PBXBuildFile; fileRef = C5C73AF72986611600D42719 /* FindEmailResponse.swift */; };
		C5C73AFA2986644100D42719 /* ApiService.swift in Sources */ = {isa = PBXBuildFile; fileRef = C5C73AF92986644100D42719 /* ApiService.swift */; };
		C5C73AFC298676C600D42719 /* LoginViewModel.swift in Sources */ = {isa = PBXBuildFile; fileRef = C5C73AFB298676C600D42719 /* LoginViewModel.swift */; };
		C5C73AFE2986B07000D42719 /* GoodsViewModel.swift in Sources */ = {isa = PBXBuildFile; fileRef = C5C73AFD2986B07000D42719 /* GoodsViewModel.swift */; };
		C5C73B002986B91600D42719 /* UserResponse.swift in Sources */ = {isa = PBXBuildFile; fileRef = C5C73AFF2986B91600D42719 /* UserResponse.swift */; };
		C5C73B0229879F8800D42719 /* SignInView.swift in Sources */ = {isa = PBXBuildFile; fileRef = C5C73B0129879F8800D42719 /* SignInView.swift */; };
		C5C73B042987A11700D42719 /* SetNavigationBarColor.swift in Sources */ = {isa = PBXBuildFile; fileRef = C5C73B032987A11700D42719 /* SetNavigationBarColor.swift */; };
		C5C73B062987C12C00D42719 /* DrawingCheckmark.swift in Sources */ = {isa = PBXBuildFile; fileRef = C5C73B052987C12C00D42719 /* DrawingCheckmark.swift */; };
		C5D32C7929794C4A00644BFD /* AppView.swift in Sources */ = {isa = PBXBuildFile; fileRef = C5D32C7829794C4A00644BFD /* AppView.swift */; };
		C5D32C7B29794C8600644BFD /* HomeView.swift in Sources */ = {isa = PBXBuildFile; fileRef = C5D32C7A29794C8600644BFD /* HomeView.swift */; };
		C5DF2FDF2979854A00642700 /* SampleGoodsModel.swift in Sources */ = {isa = PBXBuildFile; fileRef = C5DF2FDE2979854A00642700 /* SampleGoodsModel.swift */; };
		C5DF2FE129798C7900642700 /* GoodsDetailView.swift in Sources */ = {isa = PBXBuildFile; fileRef = C5DF2FE029798C7900642700 /* GoodsDetailView.swift */; };
/* End PBXBuildFile section */

/* Begin PBXFileReference section */
		C5053704297C1E82003E808C /* PurchaseBarView.swift */ = {isa = PBXFileReference; lastKnownFileType = sourcecode.swift; path = PurchaseBarView.swift; sourceTree = "<group>"; };
		C5167BB5299E7324006C5B23 /* AppViewModel.swift */ = {isa = PBXFileReference; lastKnownFileType = sourcecode.swift; path = AppViewModel.swift; sourceTree = "<group>"; };
		C526A7BE297CC2F8009BE7EF /* NavigationColorModifier.swift */ = {isa = PBXFileReference; lastKnownFileType = sourcecode.swift; path = NavigationColorModifier.swift; sourceTree = "<group>"; };
		C529B43C298BBC3700958B7D /* FocusedTextField.swift */ = {isa = PBXFileReference; lastKnownFileType = sourcecode.swift; path = FocusedTextField.swift; sourceTree = "<group>"; };
		C529B43E298BC48000958B7D /* TextFieldModifier.swift */ = {isa = PBXFileReference; lastKnownFileType = sourcecode.swift; path = TextFieldModifier.swift; sourceTree = "<group>"; };
		C529B440298C140700958B7D /* FindEmailCompleteSheetModifier.swift */ = {isa = PBXFileReference; lastKnownFileType = sourcecode.swift; path = FindEmailCompleteSheetModifier.swift; sourceTree = "<group>"; };
		C5324C9C29794AD20034C710 /* SejongUniversityGoodsMall.app */ = {isa = PBXFileReference; explicitFileType = wrapper.application; includeInIndex = 0; path = SejongUniversityGoodsMall.app; sourceTree = BUILT_PRODUCTS_DIR; };
		C5324C9F29794AD20034C710 /* SejongUniversityGoodsMallApp.swift */ = {isa = PBXFileReference; lastKnownFileType = sourcecode.swift; path = SejongUniversityGoodsMallApp.swift; sourceTree = "<group>"; };
		C5324CA329794AD30034C710 /* Assets.xcassets */ = {isa = PBXFileReference; lastKnownFileType = folder.assetcatalog; path = Assets.xcassets; sourceTree = "<group>"; };
		C5324CA629794AD30034C710 /* Preview Assets.xcassets */ = {isa = PBXFileReference; lastKnownFileType = folder.assetcatalog; path = "Preview Assets.xcassets"; sourceTree = "<group>"; };
		C53D7A272991518E00F4DB67 /* CartGoodsResponse.swift */ = {isa = PBXFileReference; lastKnownFileType = sourcecode.swift; path = CartGoodsResponse.swift; sourceTree = "<group>"; };
		C5515ECA299BD1CF00A3B850 /* MessageBoxView.swift */ = {isa = PBXFileReference; lastKnownFileType = sourcecode.swift; path = MessageBoxView.swift; sourceTree = "<group>"; };
		C5534D2E29892EF6006DBE09 /* FindEmailPasswordView.swift */ = {isa = PBXFileReference; lastKnownFileType = sourcecode.swift; path = FindEmailPasswordView.swift; sourceTree = "<group>"; };
		C5534D302989409D006DBE09 /* DatePickerSheetView.swift */ = {isa = PBXFileReference; lastKnownFileType = sourcecode.swift; path = DatePickerSheetView.swift; sourceTree = "<group>"; };
		C592F3152998EBEC003CF15E /* AddingCartModifier.swift */ = {isa = PBXFileReference; lastKnownFileType = sourcecode.swift; path = AddingCartModifier.swift; sourceTree = "<group>"; };
		C592F317299A2857003CF15E /* CartView.swift */ = {isa = PBXFileReference; lastKnownFileType = sourcecode.swift; path = CartView.swift; sourceTree = "<group>"; };
		C592F319299B3425003CF15E /* Category.swift */ = {isa = PBXFileReference; lastKnownFileType = sourcecode.swift; path = Category.swift; sourceTree = "<group>"; };
		C592F31B299B4D17003CF15E /* UserInformationView.swift */ = {isa = PBXFileReference; lastKnownFileType = sourcecode.swift; path = UserInformationView.swift; sourceTree = "<group>"; };
		C592F31D299B51E2003CF15E /* WishListView.swift */ = {isa = PBXFileReference; lastKnownFileType = sourcecode.swift; path = WishListView.swift; sourceTree = "<group>"; };
		C594AB7C297BE0F10035C3EA /* Info.plist */ = {isa = PBXFileReference; lastKnownFileType = text.plist; path = Info.plist; sourceTree = "<group>"; };
		C595C74A297FC55600AF6E86 /* SampleGoodsViewModel.swift */ = {isa = PBXFileReference; lastKnownFileType = sourcecode.swift; path = SampleGoodsViewModel.swift; sourceTree = "<group>"; };
		C595C74C298113F100AF6E86 /* OptionSheetView.swift */ = {isa = PBXFileReference; lastKnownFileType = sourcecode.swift; path = OptionSheetView.swift; sourceTree = "<group>"; };
		C595C75029819A3C00AF6E86 /* SampleBasketItem:Model.swift */ = {isa = PBXFileReference; lastKnownFileType = sourcecode.swift; path = "SampleBasketItem:Model.swift"; sourceTree = "<group>"; };
		C5C540292997BC4E00EF9AEC /* CartGoodsRequest.swift */ = {isa = PBXFileReference; lastKnownFileType = sourcecode.swift; path = CartGoodsRequest.swift; sourceTree = "<group>"; };
		C5C73ACF2983B57700D42719 /* LoginView.swift */ = {isa = PBXFileReference; lastKnownFileType = sourcecode.swift; path = LoginView.swift; sourceTree = "<group>"; };
		C5C73AD12983CE5100D42719 /* SignUpView.swift */ = {isa = PBXFileReference; lastKnownFileType = sourcecode.swift; path = SignUpView.swift; sourceTree = "<group>"; };
		C5C73AED2986542B00D42719 /* Goods.swift */ = {isa = PBXFileReference; lastKnownFileType = sourcecode.swift; path = Goods.swift; sourceTree = "<group>"; };
		C5C73AEF29865E4100D42719 /* UserRequest.swift */ = {isa = PBXFileReference; lastKnownFileType = sourcecode.swift; path = UserRequest.swift; sourceTree = "<group>"; };
		C5C73AF12986603700D42719 /* LoginRequest.swift */ = {isa = PBXFileReference; lastKnownFileType = sourcecode.swift; path = LoginRequest.swift; sourceTree = "<group>"; };
		C5C73AF32986604100D42719 /* LoginResponse.swift */ = {isa = PBXFileReference; lastKnownFileType = sourcecode.swift; path = LoginResponse.swift; sourceTree = "<group>"; };
		C5C73AF52986610000D42719 /* FindEmailRequest.swift */ = {isa = PBXFileReference; lastKnownFileType = sourcecode.swift; path = FindEmailRequest.swift; sourceTree = "<group>"; };
		C5C73AF72986611600D42719 /* FindEmailResponse.swift */ = {isa = PBXFileReference; lastKnownFileType = sourcecode.swift; path = FindEmailResponse.swift; sourceTree = "<group>"; };
		C5C73AF92986644100D42719 /* ApiService.swift */ = {isa = PBXFileReference; lastKnownFileType = sourcecode.swift; path = ApiService.swift; sourceTree = "<group>"; };
		C5C73AFB298676C600D42719 /* LoginViewModel.swift */ = {isa = PBXFileReference; lastKnownFileType = sourcecode.swift; path = LoginViewModel.swift; sourceTree = "<group>"; };
		C5C73AFD2986B07000D42719 /* GoodsViewModel.swift */ = {isa = PBXFileReference; lastKnownFileType = sourcecode.swift; path = GoodsViewModel.swift; sourceTree = "<group>"; };
		C5C73AFF2986B91600D42719 /* UserResponse.swift */ = {isa = PBXFileReference; lastKnownFileType = sourcecode.swift; path = UserResponse.swift; sourceTree = "<group>"; };
		C5C73B0129879F8800D42719 /* SignInView.swift */ = {isa = PBXFileReference; lastKnownFileType = sourcecode.swift; path = SignInView.swift; sourceTree = "<group>"; };
		C5C73B032987A11700D42719 /* SetNavigationBarColor.swift */ = {isa = PBXFileReference; lastKnownFileType = sourcecode.swift; path = SetNavigationBarColor.swift; sourceTree = "<group>"; };
		C5C73B052987C12C00D42719 /* DrawingCheckmark.swift */ = {isa = PBXFileReference; lastKnownFileType = sourcecode.swift; path = DrawingCheckmark.swift; sourceTree = "<group>"; };
		C5D32C7829794C4A00644BFD /* AppView.swift */ = {isa = PBXFileReference; lastKnownFileType = sourcecode.swift; path = AppView.swift; sourceTree = "<group>"; };
		C5D32C7A29794C8600644BFD /* HomeView.swift */ = {isa = PBXFileReference; lastKnownFileType = sourcecode.swift; path = HomeView.swift; sourceTree = "<group>"; };
		C5DF2FDE2979854A00642700 /* SampleGoodsModel.swift */ = {isa = PBXFileReference; lastKnownFileType = sourcecode.swift; path = SampleGoodsModel.swift; sourceTree = "<group>"; };
		C5DF2FE029798C7900642700 /* GoodsDetailView.swift */ = {isa = PBXFileReference; lastKnownFileType = sourcecode.swift; path = GoodsDetailView.swift; sourceTree = "<group>"; };
/* End PBXFileReference section */

/* Begin PBXFrameworksBuildPhase section */
		C5324C9929794AD20034C710 /* Frameworks */ = {
			isa = PBXFrameworksBuildPhase;
			buildActionMask = 2147483647;
			files = (
			);
			runOnlyForDeploymentPostprocessing = 0;
		};
/* End PBXFrameworksBuildPhase section */

/* Begin PBXGroup section */
		C5053706297C21CC003E808C /* View */ = {
			isa = PBXGroup;
			children = (
				C5D32C7829794C4A00644BFD /* AppView.swift */,
				C5C73ACF2983B57700D42719 /* LoginView.swift */,
				C5C73B0129879F8800D42719 /* SignInView.swift */,
				C5534D2E29892EF6006DBE09 /* FindEmailPasswordView.swift */,
				C5C73AD12983CE5100D42719 /* SignUpView.swift */,
				C5D32C7A29794C8600644BFD /* HomeView.swift */,
				C5DF2FE029798C7900642700 /* GoodsDetailView.swift */,
				C5053704297C1E82003E808C /* PurchaseBarView.swift */,
				C595C74C298113F100AF6E86 /* OptionSheetView.swift */,
				C5534D302989409D006DBE09 /* DatePickerSheetView.swift */,
				C592F317299A2857003CF15E /* CartView.swift */,
				C592F31B299B4D17003CF15E /* UserInformationView.swift */,
				C5515ECA299BD1CF00A3B850 /* MessageBoxView.swift */,
				C592F31D299B51E2003CF15E /* WishListView.swift */,
			);
			path = View;
			sourceTree = "<group>";
		};
		C526A7A6297C2240009BE7EF /* Modifier */ = {
			isa = PBXGroup;
			children = (
				C526A7BE297CC2F8009BE7EF /* NavigationColorModifier.swift */,
				C529B43E298BC48000958B7D /* TextFieldModifier.swift */,
				C529B440298C140700958B7D /* FindEmailCompleteSheetModifier.swift */,
				C592F3152998EBEC003CF15E /* AddingCartModifier.swift */,
			);
			path = Modifier;
			sourceTree = "<group>";
		};
		C5324C9329794AD20034C710 = {
			isa = PBXGroup;
			children = (
				C5324C9E29794AD20034C710 /* SejongUniversityGoodsMall */,
				C5324C9D29794AD20034C710 /* Products */,
			);
			sourceTree = "<group>";
		};
		C5324C9D29794AD20034C710 /* Products */ = {
			isa = PBXGroup;
			children = (
				C5324C9C29794AD20034C710 /* SejongUniversityGoodsMall.app */,
			);
			name = Products;
			sourceTree = "<group>";
		};
		C5324C9E29794AD20034C710 /* SejongUniversityGoodsMall */ = {
			isa = PBXGroup;
			children = (
				C5C73AEC298653F800D42719 /* Api */,
				C5C73AEB298653EC00D42719 /* ViewModel */,
				C5C73AEA298653E000D42719 /* Model */,
				C526A7A6297C2240009BE7EF /* Modifier */,
				C5053706297C21CC003E808C /* View */,
				C594AB7F297C1B2E0035C3EA /* Common */,
				C594AB7C297BE0F10035C3EA /* Info.plist */,
				C5324C9F29794AD20034C710 /* SejongUniversityGoodsMallApp.swift */,
				C5324CA329794AD30034C710 /* Assets.xcassets */,
				C5324CA529794AD30034C710 /* Preview Content */,
			);
			path = SejongUniversityGoodsMall;
			sourceTree = "<group>";
		};
		C5324CA529794AD30034C710 /* Preview Content */ = {
			isa = PBXGroup;
			children = (
				C5324CA629794AD30034C710 /* Preview Assets.xcassets */,
				C5DF2FDE2979854A00642700 /* SampleGoodsModel.swift */,
				C595C75029819A3C00AF6E86 /* SampleBasketItem:Model.swift */,
				C595C74A297FC55600AF6E86 /* SampleGoodsViewModel.swift */,
			);
			path = "Preview Content";
			sourceTree = "<group>";
		};
		C594AB7F297C1B2E0035C3EA /* Common */ = {
			isa = PBXGroup;
			children = (
				C5C73B032987A11700D42719 /* SetNavigationBarColor.swift */,
				C5C73B052987C12C00D42719 /* DrawingCheckmark.swift */,
				C529B43C298BBC3700958B7D /* FocusedTextField.swift */,
			);
			path = Common;
			sourceTree = "<group>";
		};
		C5C73AEA298653E000D42719 /* Model */ = {
			isa = PBXGroup;
			children = (
				C5C73AED2986542B00D42719 /* Goods.swift */,
				C5C73AEF29865E4100D42719 /* UserRequest.swift */,
				C5C73AFF2986B91600D42719 /* UserResponse.swift */,
				C5C73AF12986603700D42719 /* LoginRequest.swift */,
				C5C73AF32986604100D42719 /* LoginResponse.swift */,
				C5C73AF52986610000D42719 /* FindEmailRequest.swift */,
				C5C73AF72986611600D42719 /* FindEmailResponse.swift */,
				C53D7A272991518E00F4DB67 /* CartGoodsResponse.swift */,
				C5C540292997BC4E00EF9AEC /* CartGoodsRequest.swift */,
				C592F319299B3425003CF15E /* Category.swift */,
			);
			path = Model;
			sourceTree = "<group>";
		};
		C5C73AEB298653EC00D42719 /* ViewModel */ = {
			isa = PBXGroup;
			children = (
				C5167BB5299E7324006C5B23 /* AppViewModel.swift */,
				C5C73AFB298676C600D42719 /* LoginViewModel.swift */,
				C5C73AFD2986B07000D42719 /* GoodsViewModel.swift */,
			);
			path = ViewModel;
			sourceTree = "<group>";
		};
		C5C73AEC298653F800D42719 /* Api */ = {
			isa = PBXGroup;
			children = (
				C5C73AF92986644100D42719 /* ApiService.swift */,
			);
			path = Api;
			sourceTree = "<group>";
		};
/* End PBXGroup section */

/* Begin PBXNativeTarget section */
		C5324C9B29794AD20034C710 /* SejongUniversityGoodsMall */ = {
			isa = PBXNativeTarget;
			buildConfigurationList = C5324CAA29794AD30034C710 /* Build configuration list for PBXNativeTarget "SejongUniversityGoodsMall" */;
			buildPhases = (
				C5324C9829794AD20034C710 /* Sources */,
				C5324C9929794AD20034C710 /* Frameworks */,
				C5324C9A29794AD20034C710 /* Resources */,
			);
			buildRules = (
			);
			dependencies = (
			);
			name = SejongUniversityGoodsMall;
			productName = SejongUniversityGoodsMall;
			productReference = C5324C9C29794AD20034C710 /* SejongUniversityGoodsMall.app */;
			productType = "com.apple.product-type.application";
		};
/* End PBXNativeTarget section */

/* Begin PBXProject section */
		C5324C9429794AD20034C710 /* Project object */ = {
			isa = PBXProject;
			attributes = {
				BuildIndependentTargetsInParallel = 1;
				LastSwiftUpdateCheck = 1420;
				LastUpgradeCheck = 1420;
				TargetAttributes = {
					C5324C9B29794AD20034C710 = {
						CreatedOnToolsVersion = 14.2;
					};
				};
			};
			buildConfigurationList = C5324C9729794AD20034C710 /* Build configuration list for PBXProject "SejongUniversityGoodsMall" */;
			compatibilityVersion = "Xcode 14.0";
			developmentRegion = en;
			hasScannedForEncodings = 0;
			knownRegions = (
				en,
				Base,
			);
			mainGroup = C5324C9329794AD20034C710;
			productRefGroup = C5324C9D29794AD20034C710 /* Products */;
			projectDirPath = "";
			projectRoot = "";
			targets = (
				C5324C9B29794AD20034C710 /* SejongUniversityGoodsMall */,
			);
		};
/* End PBXProject section */

/* Begin PBXResourcesBuildPhase section */
		C5324C9A29794AD20034C710 /* Resources */ = {
			isa = PBXResourcesBuildPhase;
			buildActionMask = 2147483647;
			files = (
				C5324CA729794AD30034C710 /* Preview Assets.xcassets in Resources */,
				C5324CA429794AD30034C710 /* Assets.xcassets in Resources */,
			);
			runOnlyForDeploymentPostprocessing = 0;
		};
/* End PBXResourcesBuildPhase section */

/* Begin PBXSourcesBuildPhase section */
		C5324C9829794AD20034C710 /* Sources */ = {
			isa = PBXSourcesBuildPhase;
			buildActionMask = 2147483647;
			files = (
				C5515ECB299BD1CF00A3B850 /* MessageBoxView.swift in Sources */,
				C5C5402A2997BC4E00EF9AEC /* CartGoodsRequest.swift in Sources */,
				C5C73AEE2986542B00D42719 /* Goods.swift in Sources */,
				C5534D2F29892EF6006DBE09 /* FindEmailPasswordView.swift in Sources */,
				C5C73B002986B91600D42719 /* UserResponse.swift in Sources */,
				C592F31C299B4D17003CF15E /* UserInformationView.swift in Sources */,
				C529B43D298BBC3700958B7D /* FocusedTextField.swift in Sources */,
				C5DF2FDF2979854A00642700 /* SampleGoodsModel.swift in Sources */,
				C592F31A299B3425003CF15E /* Category.swift in Sources */,
				C529B43F298BC48000958B7D /* TextFieldModifier.swift in Sources */,
				C5DF2FE129798C7900642700 /* GoodsDetailView.swift in Sources */,
				C5C73AF62986610000D42719 /* FindEmailRequest.swift in Sources */,
				C595C74B297FC55600AF6E86 /* SampleGoodsViewModel.swift in Sources */,
				C5534D312989409D006DBE09 /* DatePickerSheetView.swift in Sources */,
				C5C73B0229879F8800D42719 /* SignInView.swift in Sources */,
				C5053705297C1E82003E808C /* PurchaseBarView.swift in Sources */,
				C5C73AFA2986644100D42719 /* ApiService.swift in Sources */,
				C5C73AD22983CE5100D42719 /* SignUpView.swift in Sources */,
				C592F31E299B51E2003CF15E /* WishListView.swift in Sources */,
				C595C75129819A3C00AF6E86 /* SampleBasketItem:Model.swift in Sources */,
				C529B441298C140700958B7D /* FindEmailCompleteSheetModifier.swift in Sources */,
				C5D32C7B29794C8600644BFD /* HomeView.swift in Sources */,
				C5C73AF029865E4100D42719 /* UserRequest.swift in Sources */,
				C5C73AFE2986B07000D42719 /* GoodsViewModel.swift in Sources */,
				C592F318299A2857003CF15E /* CartView.swift in Sources */,
				C5C73AD02983B57700D42719 /* LoginView.swift in Sources */,
				C5C73B042987A11700D42719 /* SetNavigationBarColor.swift in Sources */,
				C53D7A282991518E00F4DB67 /* CartGoodsResponse.swift in Sources */,
				C5324CA029794AD20034C710 /* SejongUniversityGoodsMallApp.swift in Sources */,
				C5167BB6299E7324006C5B23 /* AppViewModel.swift in Sources */,
				C595C74D298113F100AF6E86 /* OptionSheetView.swift in Sources */,
				C526A7BF297CC2F8009BE7EF /* NavigationColorModifier.swift in Sources */,
				C5D32C7929794C4A00644BFD /* AppView.swift in Sources */,
				C592F3162998EBEC003CF15E /* AddingCartModifier.swift in Sources */,
				C5C73AF42986604100D42719 /* LoginResponse.swift in Sources */,
				C5C73AF22986603700D42719 /* LoginRequest.swift in Sources */,
				C5C73AF82986611600D42719 /* FindEmailResponse.swift in Sources */,
				C5C73B062987C12C00D42719 /* DrawingCheckmark.swift in Sources */,
				C5C73AFC298676C600D42719 /* LoginViewModel.swift in Sources */,
			);
			runOnlyForDeploymentPostprocessing = 0;
		};
/* End PBXSourcesBuildPhase section */

/* Begin XCBuildConfiguration section */
		C5324CA829794AD30034C710 /* Debug */ = {
			isa = XCBuildConfiguration;
			buildSettings = {
				ALWAYS_SEARCH_USER_PATHS = NO;
				CLANG_ANALYZER_NONNULL = YES;
				CLANG_ANALYZER_NUMBER_OBJECT_CONVERSION = YES_AGGRESSIVE;
				CLANG_CXX_LANGUAGE_STANDARD = "gnu++20";
				CLANG_ENABLE_MODULES = YES;
				CLANG_ENABLE_OBJC_ARC = YES;
				CLANG_ENABLE_OBJC_WEAK = YES;
				CLANG_WARN_BLOCK_CAPTURE_AUTORELEASING = YES;
				CLANG_WARN_BOOL_CONVERSION = YES;
				CLANG_WARN_COMMA = YES;
				CLANG_WARN_CONSTANT_CONVERSION = YES;
				CLANG_WARN_DEPRECATED_OBJC_IMPLEMENTATIONS = YES;
				CLANG_WARN_DIRECT_OBJC_ISA_USAGE = YES_ERROR;
				CLANG_WARN_DOCUMENTATION_COMMENTS = YES;
				CLANG_WARN_EMPTY_BODY = YES;
				CLANG_WARN_ENUM_CONVERSION = YES;
				CLANG_WARN_INFINITE_RECURSION = YES;
				CLANG_WARN_INT_CONVERSION = YES;
				CLANG_WARN_NON_LITERAL_NULL_CONVERSION = YES;
				CLANG_WARN_OBJC_IMPLICIT_RETAIN_SELF = YES;
				CLANG_WARN_OBJC_LITERAL_CONVERSION = YES;
				CLANG_WARN_OBJC_ROOT_CLASS = YES_ERROR;
				CLANG_WARN_QUOTED_INCLUDE_IN_FRAMEWORK_HEADER = YES;
				CLANG_WARN_RANGE_LOOP_ANALYSIS = YES;
				CLANG_WARN_STRICT_PROTOTYPES = YES;
				CLANG_WARN_SUSPICIOUS_MOVE = YES;
				CLANG_WARN_UNGUARDED_AVAILABILITY = YES_AGGRESSIVE;
				CLANG_WARN_UNREACHABLE_CODE = YES;
				CLANG_WARN__DUPLICATE_METHOD_MATCH = YES;
				COPY_PHASE_STRIP = NO;
				DEBUG_INFORMATION_FORMAT = dwarf;
				ENABLE_STRICT_OBJC_MSGSEND = YES;
				ENABLE_TESTABILITY = YES;
				GCC_C_LANGUAGE_STANDARD = gnu11;
				GCC_DYNAMIC_NO_PIC = NO;
				GCC_NO_COMMON_BLOCKS = YES;
				GCC_OPTIMIZATION_LEVEL = 0;
				GCC_PREPROCESSOR_DEFINITIONS = (
					"DEBUG=1",
					"$(inherited)",
				);
				GCC_WARN_64_TO_32_BIT_CONVERSION = YES;
				GCC_WARN_ABOUT_RETURN_TYPE = YES_ERROR;
				GCC_WARN_UNDECLARED_SELECTOR = YES;
				GCC_WARN_UNINITIALIZED_AUTOS = YES_AGGRESSIVE;
				GCC_WARN_UNUSED_FUNCTION = YES;
				GCC_WARN_UNUSED_VARIABLE = YES;
				IPHONEOS_DEPLOYMENT_TARGET = 16.2;
				MTL_ENABLE_DEBUG_INFO = INCLUDE_SOURCE;
				MTL_FAST_MATH = YES;
				ONLY_ACTIVE_ARCH = YES;
				SDKROOT = iphoneos;
				SWIFT_ACTIVE_COMPILATION_CONDITIONS = DEBUG;
				SWIFT_OPTIMIZATION_LEVEL = "-Onone";
			};
			name = Debug;
		};
		C5324CA929794AD30034C710 /* Release */ = {
			isa = XCBuildConfiguration;
			buildSettings = {
				ALWAYS_SEARCH_USER_PATHS = NO;
				CLANG_ANALYZER_NONNULL = YES;
				CLANG_ANALYZER_NUMBER_OBJECT_CONVERSION = YES_AGGRESSIVE;
				CLANG_CXX_LANGUAGE_STANDARD = "gnu++20";
				CLANG_ENABLE_MODULES = YES;
				CLANG_ENABLE_OBJC_ARC = YES;
				CLANG_ENABLE_OBJC_WEAK = YES;
				CLANG_WARN_BLOCK_CAPTURE_AUTORELEASING = YES;
				CLANG_WARN_BOOL_CONVERSION = YES;
				CLANG_WARN_COMMA = YES;
				CLANG_WARN_CONSTANT_CONVERSION = YES;
				CLANG_WARN_DEPRECATED_OBJC_IMPLEMENTATIONS = YES;
				CLANG_WARN_DIRECT_OBJC_ISA_USAGE = YES_ERROR;
				CLANG_WARN_DOCUMENTATION_COMMENTS = YES;
				CLANG_WARN_EMPTY_BODY = YES;
				CLANG_WARN_ENUM_CONVERSION = YES;
				CLANG_WARN_INFINITE_RECURSION = YES;
				CLANG_WARN_INT_CONVERSION = YES;
				CLANG_WARN_NON_LITERAL_NULL_CONVERSION = YES;
				CLANG_WARN_OBJC_IMPLICIT_RETAIN_SELF = YES;
				CLANG_WARN_OBJC_LITERAL_CONVERSION = YES;
				CLANG_WARN_OBJC_ROOT_CLASS = YES_ERROR;
				CLANG_WARN_QUOTED_INCLUDE_IN_FRAMEWORK_HEADER = YES;
				CLANG_WARN_RANGE_LOOP_ANALYSIS = YES;
				CLANG_WARN_STRICT_PROTOTYPES = YES;
				CLANG_WARN_SUSPICIOUS_MOVE = YES;
				CLANG_WARN_UNGUARDED_AVAILABILITY = YES_AGGRESSIVE;
				CLANG_WARN_UNREACHABLE_CODE = YES;
				CLANG_WARN__DUPLICATE_METHOD_MATCH = YES;
				COPY_PHASE_STRIP = NO;
				DEBUG_INFORMATION_FORMAT = "dwarf-with-dsym";
				ENABLE_NS_ASSERTIONS = NO;
				ENABLE_STRICT_OBJC_MSGSEND = YES;
				GCC_C_LANGUAGE_STANDARD = gnu11;
				GCC_NO_COMMON_BLOCKS = YES;
				GCC_WARN_64_TO_32_BIT_CONVERSION = YES;
				GCC_WARN_ABOUT_RETURN_TYPE = YES_ERROR;
				GCC_WARN_UNDECLARED_SELECTOR = YES;
				GCC_WARN_UNINITIALIZED_AUTOS = YES_AGGRESSIVE;
				GCC_WARN_UNUSED_FUNCTION = YES;
				GCC_WARN_UNUSED_VARIABLE = YES;
				IPHONEOS_DEPLOYMENT_TARGET = 16.2;
				MTL_ENABLE_DEBUG_INFO = NO;
				MTL_FAST_MATH = YES;
				SDKROOT = iphoneos;
				SWIFT_COMPILATION_MODE = wholemodule;
				SWIFT_OPTIMIZATION_LEVEL = "-O";
				VALIDATE_PRODUCT = YES;
			};
			name = Release;
		};
		C5324CAB29794AD30034C710 /* Debug */ = {
			isa = XCBuildConfiguration;
			buildSettings = {
				ASSETCATALOG_COMPILER_APPICON_NAME = AppIcon;
				ASSETCATALOG_COMPILER_GLOBAL_ACCENT_COLOR_NAME = AccentColor;
				CODE_SIGN_STYLE = Automatic;
				CURRENT_PROJECT_VERSION = 1;
				DEVELOPMENT_ASSET_PATHS = "\"SejongUniversityGoodsMall/Preview Content\"";
				DEVELOPMENT_TEAM = FNC65X95VM;
				ENABLE_PREVIEWS = YES;
				GENERATE_INFOPLIST_FILE = YES;
				INFOPLIST_FILE = SejongUniversityGoodsMall/Info.plist;
				INFOPLIST_KEY_CFBundleDisplayName = "세종이의 집";
				INFOPLIST_KEY_UIApplicationSupportsIndirectInputEvents = YES;
				INFOPLIST_KEY_UILaunchScreen_Generation = YES;
				INFOPLIST_KEY_UISupportedInterfaceOrientations_iPad = "UIInterfaceOrientationPortrait UIInterfaceOrientationPortraitUpsideDown UIInterfaceOrientationLandscapeLeft UIInterfaceOrientationLandscapeRight";
				INFOPLIST_KEY_UISupportedInterfaceOrientations_iPhone = "UIInterfaceOrientationPortrait UIInterfaceOrientationLandscapeLeft UIInterfaceOrientationLandscapeRight";
				IPHONEOS_DEPLOYMENT_TARGET = 15.0;
				LD_RUNPATH_SEARCH_PATHS = (
					"$(inherited)",
					"@executable_path/Frameworks",
				);
				MARKETING_VERSION = 1.0;
				PRODUCT_BUNDLE_IDENTIFIER = com.SejongUniversityGoodsMallTeam.SejongUniversityGoodsMall;
				PRODUCT_NAME = "$(TARGET_NAME)";
				SWIFT_EMIT_LOC_STRINGS = YES;
				SWIFT_VERSION = 5.0;
				TARGETED_DEVICE_FAMILY = "1,2";
			};
			name = Debug;
		};
		C5324CAC29794AD30034C710 /* Release */ = {
			isa = XCBuildConfiguration;
			buildSettings = {
				ASSETCATALOG_COMPILER_APPICON_NAME = AppIcon;
				ASSETCATALOG_COMPILER_GLOBAL_ACCENT_COLOR_NAME = AccentColor;
				CODE_SIGN_STYLE = Automatic;
				CURRENT_PROJECT_VERSION = 1;
				DEVELOPMENT_ASSET_PATHS = "\"SejongUniversityGoodsMall/Preview Content\"";
				DEVELOPMENT_TEAM = FNC65X95VM;
				ENABLE_PREVIEWS = YES;
				GENERATE_INFOPLIST_FILE = YES;
				INFOPLIST_FILE = SejongUniversityGoodsMall/Info.plist;
				INFOPLIST_KEY_CFBundleDisplayName = "세종이의 집";
				INFOPLIST_KEY_UIApplicationSupportsIndirectInputEvents = YES;
				INFOPLIST_KEY_UILaunchScreen_Generation = YES;
				INFOPLIST_KEY_UISupportedInterfaceOrientations_iPad = "UIInterfaceOrientationPortrait UIInterfaceOrientationPortraitUpsideDown UIInterfaceOrientationLandscapeLeft UIInterfaceOrientationLandscapeRight";
				INFOPLIST_KEY_UISupportedInterfaceOrientations_iPhone = "UIInterfaceOrientationPortrait UIInterfaceOrientationLandscapeLeft UIInterfaceOrientationLandscapeRight";
				IPHONEOS_DEPLOYMENT_TARGET = 15.0;
				LD_RUNPATH_SEARCH_PATHS = (
					"$(inherited)",
					"@executable_path/Frameworks",
				);
				MARKETING_VERSION = 1.0;
				PRODUCT_BUNDLE_IDENTIFIER = com.SejongUniversityGoodsMallTeam.SejongUniversityGoodsMall;
				PRODUCT_NAME = "$(TARGET_NAME)";
				SWIFT_EMIT_LOC_STRINGS = YES;
				SWIFT_VERSION = 5.0;
				TARGETED_DEVICE_FAMILY = "1,2";
			};
			name = Release;
		};
/* End XCBuildConfiguration section */

/* Begin XCConfigurationList section */
		C5324C9729794AD20034C710 /* Build configuration list for PBXProject "SejongUniversityGoodsMall" */ = {
			isa = XCConfigurationList;
			buildConfigurations = (
				C5324CA829794AD30034C710 /* Debug */,
				C5324CA929794AD30034C710 /* Release */,
			);
			defaultConfigurationIsVisible = 0;
			defaultConfigurationName = Release;
		};
		C5324CAA29794AD30034C710 /* Build configuration list for PBXNativeTarget "SejongUniversityGoodsMall" */ = {
			isa = XCConfigurationList;
			buildConfigurations = (
				C5324CAB29794AD30034C710 /* Debug */,
				C5324CAC29794AD30034C710 /* Release */,
			);
			defaultConfigurationIsVisible = 0;
			defaultConfigurationName = Release;
		};
/* End XCConfigurationList section */
	};
	rootObject = C5324C9429794AD20034C710 /* Project object */;
}
